
Microsoft Visual Studio Solution File, Format Version 12.00
# Visual Studio Version 17
VisualStudioVersion = 17.9.34728.123
MinimumVisualStudioVersion = 10.0.40219.1
Project("{FAE04EC0-301F-11D3-BF4B-00C04F79EFBC}") = "Az400App", "Az400App\Az400App.csproj", "{01771095-669E-4D27-A4F4-4A0B9FF69A85}"
EndProject
Global
	GlobalSection(SolutionConfigurationPlatforms) = preSolution
		Debug|Any CPU = Debug|Any CPU
		Release|Any CPU = Release|Any CPU
	EndGlobalSection
	GlobalSection(ProjectConfigurationPlatforms) = postSolution
		{01771095-669E-4D27-A4F4-4A0B9FF69A85}.Debug|Any CPU.ActiveCfg = Debug|Any CPU
		{01771095-669E-4D27-A4F4-4A0B9FF69A85}.Debug|Any CPU.Build.0 = Debug|Any CPU
		{01771095-669E-4D27-A4F4-4A0B9FF69A85}.Release|Any CPU.ActiveCfg = Release|Any CPU
		{01771095-669E-4D27-A4F4-4A0B9FF69A85}.Release|Any CPU.Build.0 = Release|Any CPU
	EndGlobalSection
	GlobalSection(SolutionProperties) = preSolution
		HideSolutionNode = FALSE
	EndGlobalSection
	GlobalSection(ExtensibilityGlobals) = postSolution
		SolutionGuid = {A7A3BAE6-2807-48D5-AB0E-8F944067BAFF}
	EndGlobalSection
EndGlobal
